github.com/konoui/go-qsort v0.1.0 h1:0Os/0X0Fce6B54jqN26aR+J5uOExN+0t7nb9zs6zzzE=
github.com/konoui/go-qsort v0.1.0/go.mod h1:UOsvdDPBzyQDk9Tb21hETK6KYXGYQTnoZB5qeKA1ARs=
github.com/konoui/lipo v0.8.4 h1:mUTaFFvEjGb14kebg+ls/GP7JwXRnGS+uvr4abqD7AA=
github.com/konoui/lipo v0.8.4/go.mod h1:tlY6TwC6W+gVvcAx1JDIoqed3LHmL4YFYjA0cUQbKuA=
